
Microsoft Visual Studio Solution File, Format Version 11.00
# Visual Studio 2010
Project("{F2A71F9B-5D33-465A-A702-920D77279786}") = "scrwtp.Prelude", "scrwtp.Prelude.fsproj", "{5D1DCFDB-886E-4DEF-B806-7E3D60B96539}"
EndProject
Global
	GlobalSection(SolutionConfigurationPlatforms) = preSolution
		Debug|Any CPU = Debug|Any CPU
		Release|Any CPU = Release|Any CPU
	EndGlobalSection
	GlobalSection(ProjectConfigurationPlatforms) = postSolution
		{5D1DCFDB-886E-4DEF-B806-7E3D60B96539}.Debug|Any CPU.ActiveCfg = Debug|Any CPU
		{5D1DCFDB-886E-4DEF-B806-7E3D60B96539}.Debug|Any CPU.Build.0 = Debug|Any CPU
		{5D1DCFDB-886E-4DEF-B806-7E3D60B96539}.Release|Any CPU.ActiveCfg = Release|Any CPU
		{5D1DCFDB-886E-4DEF-B806-7E3D60B96539}.Release|Any CPU.Build.0 = Release|Any CPU
	EndGlobalSection
	GlobalSection(SolutionProperties) = preSolution
		HideSolutionNode = FALSE
	EndGlobalSection
EndGlobal
